{
  "name": "ssa-client",
  "version": "0.1.0",
  "lockfileVersion": 1,
  "requires": true,
  "dependencies": {
    "crypto": {
      "version": "1.0.1",
      "resolved": "https://registry.npmjs.org/crypto/-/crypto-1.0.1.tgz",
      "integrity": "sha512-VxBKmeNcqQdiUQUW2Tzq0t377b54N2bMtXO/qiLa+6eRRmmC4qT3D4OnTGoT/U6O9aklQ/jTwbOtRMTTY8G0Ig=="
    },
    "crypto-js": {
      "version": "3.1.9-1",
      "resolved": "https://registry.npmjs.org/crypto-js/-/crypto-js-3.1.9-1.tgz",
      "integrity": "sha1-/aGedh/Ad+Af+/3G6f38WeiAbNg="
    },
    "safer-class": {
      "version": "0.2.1",
      "resolved": "https://registry.npmjs.org/safer-class/-/safer-class-0.2.1.tgz",
      "integrity": "sha512-NlRgvo5AUo1/LyZ1guq7jGKCU31NkjuFH8/VaLMrVTqfpdziShRuoPjxHvlA4bbjA5qGH51NPbOspsjWsdw/fw==",
      "requires": {
        "safer-object": "^0.2.1"
      }
    },
    "safer-crypto": {
      "version": "0.2.1",
      "resolved": "https://registry.npmjs.org/safer-crypto/-/safer-crypto-0.2.1.tgz",
      "integrity": "sha512-+qqCpKiA9V2mEL1efEeS+0gbPdsFRKTLmjgh+4bgPpPVsDLKNryiE/R7n5r/ZEi/h/xBnJgw5lQiYdU+SNjD/w==",
      "requires": {
        "safer-function": "^0.1.2",
        "safer-promise": "^0.2.1"
      }
    },
    "safer-function": {
      "version": "0.1.2",
      "resolved": "https://registry.npmjs.org/safer-function/-/safer-function-0.1.2.tgz",
      "integrity": "sha512-hQ5KW0EM0dxDQFxqbZ2oBoNpHMHZ0kOQ0ck1a8wDu6JPDQmLpZHxNPIra3LSCXnB4DjLsdstgfRFpLiEKQUptw=="
    },
    "safer-object": {
      "version": "0.2.1",
      "resolved": "https://registry.npmjs.org/safer-object/-/safer-object-0.2.1.tgz",
      "integrity": "sha512-W8wkRCrMXgwDpk8fxGXw0JzfeTvye7A1c/0/OMNIMdATMnu/j5rA8ioXvzTGiLyObgJrJ/NyjEWHkC8r1xd1EQ==",
      "requires": {
        "safer-function": "^0.1.2"
      }
    },
    "safer-pass": {
      "version": "1.0.3",
      "resolved": "https://registry.npmjs.org/safer-pass/-/safer-pass-1.0.3.tgz",
      "integrity": "sha512-424T01IomptEddPWltBw1zRUeZYxrYpWd7REclK67VV/sssOGdRoS+IPbKL9ASdzOgHMe+IVX0kQjWO0ImWKOQ==",
      "requires": {
        "safer-class": "^0.2.1",
        "safer-crypto": "^0.2.1",
        "safer-function": "^0.1.2",
        "safer-promise": "^0.2.1",
        "safer-text": "^0.1.2"
      }
    },
    "safer-promise": {
      "version": "0.2.1",
      "resolved": "https://registry.npmjs.org/safer-promise/-/safer-promise-0.2.1.tgz",
      "integrity": "sha512-mIuMCmenCcEapM7cVFdMH4ZimWLduxWqehin8IZlErSmK00z6H3HHH0/Sj/Y3bYNKru0OJ7V0h5IlpxlrmH3ZQ==",
      "requires": {
        "safer-class": "^0.2.1",
        "safer-function": "^0.1.2"
      }
    },
    "safer-text": {
      "version": "0.1.2",
      "resolved": "https://registry.npmjs.org/safer-text/-/safer-text-0.1.2.tgz",
      "integrity": "sha512-qDhc1nuDAaiGqqIO4383pQWdKGqP4AERLfnbxnakW1Rhlf8KMAlY4UJdG+SGccKks5tUcLiK40xmIAKdBBeHYw==",
      "requires": {
        "safer-function": "^0.1.2"
      }
    }
  }
}
